{
  "nodes": {
    "clan-core": {
      "inputs": {
        "disko": "disko",
        "flake-parts": [
          "flake-parts"
        ],
        "floco": "floco",
        "nixos-generators": "nixos-generators",
        "nixpkgs": [
          "nixpkgs"
        ],
        "sops-nix": "sops-nix",
        "treefmt-nix": "treefmt-nix"
      },
      "locked": {
        "lastModified": 1696778846,
        "narHash": "sha256-DHMn9EoM6k/xCLoe2uSf68i/yCIn3pJlBYWnVnEDFbQ=",
        "ref": "refs/heads/main",
        "rev": "78758319f301261fba6677b6c15b8ac553a09fa8",
        "revCount": 1034,
        "type": "git",
        "url": "https://git.clan.lol/clan/clan-core"
      },
      "original": {
        "type": "git",
        "url": "https://git.clan.lol/clan/clan-core"
      }
    },
    "disko": {
      "inputs": {
        "nixpkgs": [
          "clan-core",
          "nixpkgs"
        ]
      },
      "locked": {
        "lastModified": 1696266752,
        "narHash": "sha256-wJnMDFM21+xXdsXSs6pXMElbv4YfqmQslcPApRuaYKs=",
        "owner": "nix-community",
        "repo": "disko",
        "rev": "646ee25c25fffee122a66282861f5f56ad3e0fd9",
        "type": "github"
      },
      "original": {
        "owner": "nix-community",
        "repo": "disko",
        "type": "github"
      }
    },
    "flake-parts": {
      "inputs": {
        "nixpkgs-lib": "nixpkgs-lib"
      },
      "locked": {
        "lastModified": 1696343447,
        "narHash": "sha256-B2xAZKLkkeRFG5XcHHSXXcP7To9Xzr59KXeZiRf4vdQ=",
        "owner": "hercules-ci",
        "repo": "flake-parts",
        "rev": "c9afaba3dfa4085dbd2ccb38dfade5141e33d9d4",
        "type": "github"
      },
      "original": {
        "owner": "hercules-ci",
        "repo": "flake-parts",
        "type": "github"
      }
    },
    "floco": {
      "inputs": {
        "nixpkgs": [
          "clan-core",
          "nixpkgs"
        ]
      },
      "locked": {
        "lastModified": 1694873346,
        "narHash": "sha256-Uvh03bg0a6ZnNWiX1Gb8g+m343wSJ/wb8ryUASt0loc=",
        "owner": "aakropotkin",
        "repo": "floco",
        "rev": "d16bd444ab9d29a6640f52ee4e43a66528e07515",
        "type": "github"
      },
      "original": {
        "owner": "aakropotkin",
        "repo": "floco",
        "type": "github"
      }
    },
    "nixlib": {
      "locked": {
        "lastModified": 1693701915,
        "narHash": "sha256-waHPLdDYUOHSEtMKKabcKIMhlUOHPOOPQ9UyFeEoovs=",
        "owner": "nix-community",
        "repo": "nixpkgs.lib",
        "rev": "f5af57d3ef9947a70ac86e42695231ac1ad00c25",
        "type": "github"
      },
      "original": {
        "owner": "nix-community",
        "repo": "nixpkgs.lib",
        "type": "github"
      }
    },
    "nixos-generators": {
      "inputs": {
        "nixlib": "nixlib",
        "nixpkgs": [
          "clan-core",
          "nixpkgs"
        ]
      },
      "locked": {
        "lastModified": 1693791338,
        "narHash": "sha256-wHmtB5H8AJTUaeGHw+0hsQ6nU4VyvVrP2P4NeCocRzY=",
        "owner": "nix-community",
        "repo": "nixos-generators",
        "rev": "8ee78470029e641cddbd8721496da1316b47d3b4",
        "type": "github"
      },
      "original": {
        "owner": "nix-community",
        "repo": "nixos-generators",
        "type": "github"
      }
    },
    "nixpkgs": {
      "locked": {
        "lastModified": 1696604326,
        "narHash": "sha256-YXUNI0kLEcI5g8lqGMb0nh67fY9f2YoJsILafh6zlMo=",
        "owner": "NixOS",
        "repo": "nixpkgs",
        "rev": "87828a0e03d1418e848d3dd3f3014a632e4a4f64",
        "type": "github"
      },
      "original": {
        "owner": "NixOS",
        "ref": "nixos-unstable",
        "repo": "nixpkgs",
        "type": "github"
      }
    },
    "nixpkgs-lib": {
      "locked": {
        "dir": "lib",
        "lastModified": 1696019113,
        "narHash": "sha256-X3+DKYWJm93DRSdC5M6K5hLqzSya9BjibtBsuARoPco=",
        "owner": "NixOS",
        "repo": "nixpkgs",
        "rev": "f5892ddac112a1e9b3612c39af1b72987ee5783a",
        "type": "github"
      },
      "original": {
        "dir": "lib",
        "owner": "NixOS",
        "ref": "nixos-unstable",
        "repo": "nixpkgs",
        "type": "github"
      }
    },
    "root": {
      "inputs": {
        "clan-core": "clan-core",
        "flake-parts": "flake-parts",
        "nixpkgs": "nixpkgs"
      }
    },
    "sops-nix": {
      "inputs": {
        "nixpkgs": [
          "clan-core",
          "sops-nix"
        ],
        "nixpkgs-stable": [
          "clan-core"
        ]
      },
      "locked": {
        "lastModified": 1695284550,
        "narHash": "sha256-z9fz/wz9qo9XePEvdduf+sBNeoI9QG8NJKl5ssA8Xl4=",
        "owner": "Mic92",
        "repo": "sops-nix",
        "rev": "2f375ed8702b0d8ee2430885059d5e7975e38f78",
        "type": "github"
      },
      "original": {
        "owner": "Mic92",
        "repo": "sops-nix",
        "type": "github"
      }
    },
    "treefmt-nix": {
      "inputs": {
        "nixpkgs": [
          "clan-core",
          "nixpkgs"
        ]
      },
      "locked": {
        "lastModified": 1695290086,
        "narHash": "sha256-ol6licpIAzc9oMsEai/9YZhgSMcrnlnD/3ulMLGNKL0=",
        "owner": "numtide",
        "repo": "treefmt-nix",
        "rev": "e951529be2e7c669487de78f5aef8597bbae5fca",
        "type": "github"
      },
      "original": {
        "owner": "numtide",
        "repo": "treefmt-nix",
        "type": "github"
      }
    }
  },
  "root": "root",
  "version": 7
}
